
Microsoft Visual Studio Solution File, Format Version 12.00
# Visual Studio Version 17
VisualStudioVersion = 17.6.33829.357
MinimumVisualStudioVersion = 10.0.40219.1
Project("{FAE04EC0-301F-11D3-BF4B-00C04F79EFBC}") = "4Operation_Dividation", "4Operation_Dividation\4Operation_Dividation.csproj", "{4219A85D-18FA-4523-90CC-1FBC07D9BFED}"
EndProject
Global
	GlobalSection(SolutionConfigurationPlatforms) = preSolution
		Debug|Any CPU = Debug|Any CPU
		Release|Any CPU = Release|Any CPU
	EndGlobalSection
	GlobalSection(ProjectConfigurationPlatforms) = postSolution
		{4219A85D-18FA-4523-90CC-1FBC07D9BFED}.Debug|Any CPU.ActiveCfg = Debug|Any CPU
		{4219A85D-18FA-4523-90CC-1FBC07D9BFED}.Debug|Any CPU.Build.0 = Debug|Any CPU
		{4219A85D-18FA-4523-90CC-1FBC07D9BFED}.Release|Any CPU.ActiveCfg = Release|Any CPU
		{4219A85D-18FA-4523-90CC-1FBC07D9BFED}.Release|Any CPU.Build.0 = Release|Any CPU
	EndGlobalSection
	GlobalSection(SolutionProperties) = preSolution
		HideSolutionNode = FALSE
	EndGlobalSection
	GlobalSection(ExtensibilityGlobals) = postSolution
		SolutionGuid = {9E7B8CBE-F0C8-4F9C-A330-0D8FB10DA107}
	EndGlobalSection
EndGlobal
